
Microsoft Visual Studio Solution File, Format Version 12.00
# Visual Studio Version 16
VisualStudioVersion = 16.0.30114.105
MinimumVisualStudioVersion = 10.0.40219.1
Project("{FAE04EC0-301F-11D3-BF4B-00C04F79EFBC}") = "NotepadVideoPlayer", "NotepadVideoPlayer\NotepadVideoPlayer.csproj", "{B7F2B0F7-A8FA-40A6-96C0-8BA3066FAC88}"
EndProject
Global
	GlobalSection(SolutionConfigurationPlatforms) = preSolution
		Debug|Any CPU = Debug|Any CPU
		Release|Any CPU = Release|Any CPU
	EndGlobalSection
	GlobalSection(ProjectConfigurationPlatforms) = postSolution
		{B7F2B0F7-A8FA-40A6-96C0-8BA3066FAC88}.Debug|Any CPU.ActiveCfg = Debug|Any CPU
		{B7F2B0F7-A8FA-40A6-96C0-8BA3066FAC88}.Debug|Any CPU.Build.0 = Debug|Any CPU
		{B7F2B0F7-A8FA-40A6-96C0-8BA3066FAC88}.Release|Any CPU.ActiveCfg = Release|Any CPU
		{B7F2B0F7-A8FA-40A6-96C0-8BA3066FAC88}.Release|Any CPU.Build.0 = Release|Any CPU
	EndGlobalSection
	GlobalSection(SolutionProperties) = preSolution
		HideSolutionNode = FALSE
	EndGlobalSection
	GlobalSection(ExtensibilityGlobals) = postSolution
		SolutionGuid = {26D8A40C-084F-41D4-9CE3-B4BE8B2A6B51}
	EndGlobalSection
EndGlobal
